
Microsoft Visual Studio Solution File, Format Version 12.00
# Visual Studio Version 17
VisualStudioVersion = 17.11.35312.102
MinimumVisualStudioVersion = 10.0.40219.1
Project("{FAE04EC0-301F-11D3-BF4B-00C04F79EFBC}") = "WebApplication1", "WebApplication1\WebApplication1.csproj", "{A9BFC7A5-91AD-4D23-BE0A-F7C8EC056EEB}"
EndProject
Global
	GlobalSection(SolutionConfigurationPlatforms) = preSolution
		Debug|Any CPU = Debug|Any CPU
		Release|Any CPU = Release|Any CPU
	EndGlobalSection
	GlobalSection(ProjectConfigurationPlatforms) = postSolution
		{A9BFC7A5-91AD-4D23-BE0A-F7C8EC056EEB}.Debug|Any CPU.ActiveCfg = Debug|Any CPU
		{A9BFC7A5-91AD-4D23-BE0A-F7C8EC056EEB}.Debug|Any CPU.Build.0 = Debug|Any CPU
		{A9BFC7A5-91AD-4D23-BE0A-F7C8EC056EEB}.Release|Any CPU.ActiveCfg = Release|Any CPU
		{A9BFC7A5-91AD-4D23-BE0A-F7C8EC056EEB}.Release|Any CPU.Build.0 = Release|Any CPU
	EndGlobalSection
	GlobalSection(SolutionProperties) = preSolution
		HideSolutionNode = FALSE
	EndGlobalSection
	GlobalSection(ExtensibilityGlobals) = postSolution
		SolutionGuid = {9BDC1226-B609-4998-9AAD-3B12CAD8442F}
	EndGlobalSection
EndGlobal
